{
  "nodes": {
    "coq-lsp": {
      "flake": false,
      "locked": {
        "lastModified": 1764549722,
        "narHash": "sha256-PzIgo15zI3JjibT8GzyHdTwofd3IF6eRmUc47NveH70=",
        "owner": "ejgallego",
        "repo": "rocq-lsp",
        "rev": "c73fee2d50557b03029545d8d575136cf6f5b355",
        "type": "github"
      },
      "original": {
        "owner": "ejgallego",
        "ref": "v9.1",
        "repo": "rocq-lsp",
        "type": "github"
      }
    },
    "flake-parts": {
      "inputs": {
        "nixpkgs-lib": "nixpkgs-lib"
      },
      "locked": {
        "lastModified": 1753121425,
        "narHash": "sha256-TVcTNvOeWWk1DXljFxVRp+E0tzG1LhrVjOGGoMHuXio=",
        "owner": "hercules-ci",
        "repo": "flake-parts",
        "rev": "644e0fc48951a860279da645ba77fe4a6e814c5e",
        "type": "github"
      },
      "original": {
        "owner": "hercules-ci",
        "repo": "flake-parts",
        "type": "github"
      }
    },
    "nixpkgs": {
      "locked": {
        "lastModified": 1765682376,
        "narHash": "sha256-KEdilDFQINWfyTC1WwS//nB37/Dvvb+JWyGaEBVcQPU=",
        "owner": "nixos",
        "repo": "nixpkgs",
        "rev": "8cdfb49e92c64ce754fdaecab90ee1809bc03e75",
        "type": "github"
      },
      "original": {
        "owner": "nixos",
        "repo": "nixpkgs",
        "type": "github"
      }
    },
    "nixpkgs-lib": {
      "locked": {
        "lastModified": 1751159883,
        "narHash": "sha256-urW/Ylk9FIfvXfliA1ywh75yszAbiTEVgpPeinFyVZo=",
        "owner": "nix-community",
        "repo": "nixpkgs.lib",
        "rev": "14a40a1d7fb9afa4739275ac642ed7301a9ba1ab",
        "type": "github"
      },
      "original": {
        "owner": "nix-community",
        "repo": "nixpkgs.lib",
        "type": "github"
      }
    },
    "root": {
      "inputs": {
        "coq-lsp": "coq-lsp",
        "flake-parts": "flake-parts",
        "nixpkgs": "nixpkgs"
      }
    }
  },
  "root": "root",
  "version": 7
}
