{
  "nodes": {
    "actris": {
      "flake": false,
      "locked": {
        "lastModified": 1745477732,
        "narHash": "sha256-2PlO5RBANmEUMOe1MnqrNoohT7O7SJTO5Qzwddp6OcY=",
        "ref": "refs/heads/master",
        "rev": "7502c27c8e6d1ff7d824a6eb23cab6223acff3f1",
        "revCount": 830,
        "type": "git",
        "url": "https://gitlab.mpi-sws.org/iris/actris.git"
      },
      "original": {
        "rev": "7502c27c8e6d1ff7d824a6eb23cab6223acff3f1",
        "type": "git",
        "url": "https://gitlab.mpi-sws.org/iris/actris.git"
      }
    },
    "flake-utils": {
      "inputs": {
        "systems": "systems"
      },
      "locked": {
        "lastModified": 1731533236,
        "narHash": "sha256-l0KFg5HjrsfsO/JpG+r7fRrqm12kzFHyUHqHCVpMMbI=",
        "owner": "numtide",
        "repo": "flake-utils",
        "rev": "11707dc2f618dd54ca8739b309ec4fc024de578b",
        "type": "github"
      },
      "original": {
        "owner": "numtide",
        "repo": "flake-utils",
        "type": "github"
      }
    },
    "iris-dev": {
      "flake": false,
      "locked": {
        "lastModified": 1743178558,
        "narHash": "sha256-IZ+PB2TUDlk34V5VCfnYw9AwX5SuGyzswTjmTzqPAAI=",
        "ref": "refs/heads/master",
        "rev": "fa344cbe1a781fdc8c6263fbe18de976b6920751",
        "revCount": 8306,
        "type": "git",
        "url": "https://gitlab.mpi-sws.org/iris/iris.git"
      },
      "original": {
        "rev": "fa344cbe1a781fdc8c6263fbe18de976b6920751",
        "type": "git",
        "url": "https://gitlab.mpi-sws.org/iris/iris.git"
      }
    },
    "nixpkgs": {
      "locked": {
        "lastModified": 1753805735,
        "narHash": "sha256-bIid7xRoTwEV3zhHnuVPqih4NMn0Gy1tcIOkfqGzmso=",
        "owner": "nixos",
        "repo": "nixpkgs",
        "rev": "c4d5ad04f949c1c0b22f48c3917bc2f8a969b729",
        "type": "github"
      },
      "original": {
        "owner": "nixos",
        "repo": "nixpkgs",
        "rev": "c4d5ad04f949c1c0b22f48c3917bc2f8a969b729",
        "type": "github"
      }
    },
    "root": {
      "inputs": {
        "actris": "actris",
        "flake-utils": "flake-utils",
        "iris-dev": "iris-dev",
        "nixpkgs": "nixpkgs",
        "stdpp": "stdpp"
      }
    },
    "stdpp": {
      "flake": false,
      "locked": {
        "lastModified": 1746195779,
        "narHash": "sha256-2o8YMkKbXrKHwtfpkdAovxl+2NZZk958GjSSd9wcEIU=",
        "ref": "refs/tags/coq-stdpp-1.12.0",
        "rev": "3f2dd924daf930f001e87e6eddedee5a584fdac9",
        "revCount": 2804,
        "type": "git",
        "url": "https://gitlab.mpi-sws.org/iris/stdpp.git"
      },
      "original": {
        "ref": "refs/tags/coq-stdpp-1.12.0",
        "type": "git",
        "url": "https://gitlab.mpi-sws.org/iris/stdpp.git"
      }
    },
    "systems": {
      "locked": {
        "lastModified": 1681028828,
        "narHash": "sha256-Vy1rq5AaRuLzOxct8nz4T6wlgyUR7zLU309k9mBC768=",
        "owner": "nix-systems",
        "repo": "default",
        "rev": "da67096a3b9bf56a91d16901293e51ba5b49a27e",
        "type": "github"
      },
      "original": {
        "owner": "nix-systems",
        "repo": "default",
        "type": "github"
      }
    }
  },
  "root": "root",
  "version": 7
}
